
Microsoft Visual Studio Solution File, Format Version 12.00
# Visual Studio 15
VisualStudioVersion = 15.0.27130.2003
MinimumVisualStudioVersion = 10.0.40219.1
Project("{2150E333-8FDC-42A3-9474-1A3956D46DE8}") = "Solution Items", "Solution Items", "{8D201E3A-89E9-4FA9-B1D3-FEDB5D5A46D5}"
	ProjectSection(SolutionItems) = preProject
		..\..\..\Downloads\MineCraft Problem Description.docx = ..\..\..\Downloads\MineCraft Problem Description.docx
	EndProjectSection
EndProject
Global
	GlobalSection(SolutionProperties) = preSolution
		HideSolutionNode = FALSE
	EndGlobalSection
	GlobalSection(ExtensibilityGlobals) = postSolution
		SolutionGuid = {7A680203-FA91-465F-8D5A-AFFC0C64E3EF}
	EndGlobalSection
EndGlobal
